<?xml version="1.0" encoding="utf-8"?>
<Project ToolsVersion="4.0" xmlns="http://schemas.microsoft.com/developer/msbuild/2003">
  <ItemGroup>
    <Filter Include="Source Files">
      <UniqueIdentifier>{4FC737F1-C7A5-4376-A066-2A32D752A2FF}</UniqueIdentifier>
      <Extensions>cpp;c;cc;cxx;c++;cppm;ixx;def;odl;idl;hpj;bat;asm;asmx</Extensions>
    </Filter>
    <Filter Include="Header Files">
      <UniqueIdentifier>{93995380-89BD-4b04-88EB-625FBE52EBFB}</UniqueIdentifier>
      <Extensions>h;hh;hpp;hxx;h++;hm;inl;inc;ipp;xsd</Extensions>
    </Filter>
    <Filter Include="Resource Files">
      <UniqueIdentifier>{67DA6AB6-F800-4c08-8B7A-83BB121AAD01}</UniqueIdentifier>
      <Extensions>rc;ico;cur;bmp;dlg;rc2;rct;bin;rgs;gif;jpg;jpeg;jpe;resx;tiff;tif;png;wav;mfcribbon-ms</Extensions>
    </Filter>
  </ItemGroup>
  <ItemGroup>
    <ClCompile Include="..\..\ConsoleApplication2\ConsoleApplication2\Animation.cpp">
      <Filter>Source Files</Filter>
    </ClCompile>
    <ClCompile Include="..\..\ConsoleApplication2\ConsoleApplication2\AnimationSettings.cpp">
      <Filter>Source Files</Filter>
    </ClCompile>
    <ClCompile Include="..\..\ConsoleApplication2\ConsoleApplication2\Barrel.cpp">
      <Filter>Source Files</Filter>
    </ClCompile>
    <ClCompile Include="..\..\ConsoleApplication2\ConsoleApplication2\Board.cpp">
      <Filter>Source Files</Filter>
    </ClCompile>
    <ClCompile Include="..\..\ConsoleApplication2\ConsoleApplication2\BoardObject.cpp">
      <Filter>Source Files</Filter>
    </ClCompile>
    <ClCompile Include="..\..\ConsoleApplication2\ConsoleApplication2\BoardSettings.cpp">
      <Filter>Source Files</Filter>
    </ClCompile>
    <ClCompile Include="..\..\ConsoleApplication2\ConsoleApplication2\Button.cpp">
      <Filter>Source Files</Filter>
    </ClCompile>
    <ClCompile Include="..\..\ConsoleApplication2\ConsoleApplication2\ButtonsSettings.cpp">
      <Filter>Source Files</Filter>
    </ClCompile>
    <ClCompile Include="..\..\ConsoleApplication2\ConsoleApplication2\Clock.cpp">
      <Filter>Source Files</Filter>
    </ClCompile>
    <ClCompile Include="..\..\ConsoleApplication2\ConsoleApplication2\ComputerPlayer.cpp">
      <Filter>Source Files</Filter>
    </ClCompile>
    <ClCompile Include="..\..\ConsoleApplication2\ConsoleApplication2\ContinueButton.cpp">
      <Filter>Source Files</Filter>
    </ClCompile>
    <ClCompile Include="..\..\ConsoleApplication2\ConsoleApplication2\Controller.cpp">
      <Filter>Source Files</Filter>
    </ClCompile>
    <ClCompile Include="..\..\ConsoleApplication2\ConsoleApplication2\ControllerSettings.cpp">
      <Filter>Source Files</Filter>
    </ClCompile>
    <ClCompile Include="..\..\ConsoleApplication2\ConsoleApplication2\DiamondRock.cpp">
      <Filter>Source Files</Filter>
    </ClCompile>
    <ClCompile Include="..\..\ConsoleApplication2\ConsoleApplication2\Dynamite.cpp">
      <Filter>Source Files</Filter>
    </ClCompile>
    <ClCompile Include="..\..\ConsoleApplication2\ConsoleApplication2\DynamiteIndicator.cpp">
      <Filter>Source Files</Filter>
    </ClCompile>
    <ClCompile Include="..\..\ConsoleApplication2\ConsoleApplication2\ExitButton.cpp">
      <Filter>Source Files</Filter>
    </ClCompile>
    <ClCompile Include="..\..\ConsoleApplication2\ConsoleApplication2\Factory.cpp">
      <Filter>Source Files</Filter>
    </ClCompile>
    <ClCompile Include="..\..\ConsoleApplication2\ConsoleApplication2\GameController.cpp">
      <Filter>Source Files</Filter>
    </ClCompile>
    <ClCompile Include="..\..\ConsoleApplication2\ConsoleApplication2\GameOverMenu.cpp">
      <Filter>Source Files</Filter>
    </ClCompile>
    <ClCompile Include="..\..\ConsoleApplication2\ConsoleApplication2\GoldenRock.cpp">
      <Filter>Source Files</Filter>
    </ClCompile>
    <ClCompile Include="..\..\ConsoleApplication2\ConsoleApplication2\HomeButton.cpp">
      <Filter>Source Files</Filter>
    </ClCompile>
    <ClCompile Include="..\..\ConsoleApplication2\ConsoleApplication2\HomeMenu.cpp">
      <Filter>Source Files</Filter>
    </ClCompile>
    <ClCompile Include="..\..\ConsoleApplication2\ConsoleApplication2\Hook.cpp">
      <Filter>Source Files</Filter>
    </ClCompile>
    <ClCompile Include="..\..\ConsoleApplication2\ConsoleApplication2\HookSettings.cpp">
      <Filter>Source Files</Filter>
    </ClCompile>
    <ClCompile Include="..\..\ConsoleApplication2\ConsoleApplication2\HumanPlayer.cpp">
      <Filter>Source Files</Filter>
    </ClCompile>
    <ClCompile Include="..\..\ConsoleApplication2\ConsoleApplication2\LevelController.cpp">
      <Filter>Source Files</Filter>
    </ClCompile>
    <ClCompile Include="..\..\ConsoleApplication2\ConsoleApplication2\LevelIndicator.cpp">
      <Filter>Source Files</Filter>
    </ClCompile>
    <ClCompile Include="..\..\ConsoleApplication2\ConsoleApplication2\LevelSettings.cpp">
      <Filter>Source Files</Filter>
    </ClCompile>
    <ClCompile Include="..\..\ConsoleApplication2\ConsoleApplication2\Main.cpp">
      <Filter>Source Files</Filter>
    </ClCompile>
    <ClCompile Include="..\..\ConsoleApplication2\ConsoleApplication2\Menu.cpp">
      <Filter>Source Files</Filter>
    </ClCompile>
    <ClCompile Include="..\..\ConsoleApplication2\ConsoleApplication2\MultiPlayerBtn.cpp">
      <Filter>Source Files</Filter>
    </ClCompile>
    <ClCompile Include="..\..\ConsoleApplication2\ConsoleApplication2\MuteButton.cpp">
      <Filter>Source Files</Filter>
    </ClCompile>
    <ClCompile Include="..\..\ConsoleApplication2\ConsoleApplication2\Object.cpp">
      <Filter>Source Files</Filter>
    </ClCompile>
    <ClCompile Include="..\..\ConsoleApplication2\ConsoleApplication2\PauseButton.cpp">
      <Filter>Source Files</Filter>
    </ClCompile>
    <ClCompile Include="..\..\ConsoleApplication2\ConsoleApplication2\PauseMenu.cpp">
      <Filter>Source Files</Filter>
    </ClCompile>
    <ClCompile Include="..\..\ConsoleApplication2\ConsoleApplication2\Player.cpp">
      <Filter>Source Files</Filter>
    </ClCompile>
    <ClCompile Include="..\..\ConsoleApplication2\ConsoleApplication2\PlayerSettings.cpp">
      <Filter>Source Files</Filter>
    </ClCompile>
    <ClCompile Include="..\..\ConsoleApplication2\ConsoleApplication2\RegularRock.cpp">
      <Filter>Source Files</Filter>
    </ClCompile>
    <ClCompile Include="..\..\ConsoleApplication2\ConsoleApplication2\ResumeButton.cpp">
      <Filter>Source Files</Filter>
    </ClCompile>
    <ClCompile Include="..\..\ConsoleApplication2\ConsoleApplication2\Rock.cpp">
      <Filter>Source Files</Filter>
    </ClCompile>
    <ClCompile Include="..\..\ConsoleApplication2\ConsoleApplication2\Score.cpp">
      <Filter>Source Files</Filter>
    </ClCompile>
    <ClCompile Include="..\..\ConsoleApplication2\ConsoleApplication2\SinglePlayerBtn.cpp">
      <Filter>Source Files</Filter>
    </ClCompile>
    <ClCompile Include="..\..\ConsoleApplication2\ConsoleApplication2\Sounds.cpp">
      <Filter>Source Files</Filter>
    </ClCompile>
    <ClCompile Include="..\..\ConsoleApplication2\ConsoleApplication2\SummaryMenu.cpp">
      <Filter>Source Files</Filter>
    </ClCompile>
    <ClCompile Include="..\..\ConsoleApplication2\ConsoleApplication2\SurpriseBag.cpp">
      <Filter>Source Files</Filter>
    </ClCompile>
    <ClCompile Include="..\..\ConsoleApplication2\ConsoleApplication2\Textures.cpp">
      <Filter>Source Files</Filter>
    </ClCompile>
    <ClCompile Include="..\..\ConsoleApplication2\ConsoleApplication2\ToolBar.cpp">
      <Filter>Source Files</Filter>
    </ClCompile>
    <ClCompile Include="..\..\ConsoleApplication2\ConsoleApplication2\VisualObject.cpp">
      <Filter>Source Files</Filter>
    </ClCompile>
    <ClCompile Include="..\..\ConsoleApplication2\ConsoleApplication2\VisualObjectSettings.cpp">
      <Filter>Source Files</Filter>
    </ClCompile>
  </ItemGroup>
  <ItemGroup>
    <ClInclude Include="..\..\ConsoleApplication2\ConsoleApplication2\Animation.h">
      <Filter>Header Files</Filter>
    </ClInclude>
    <ClInclude Include="..\..\ConsoleApplication2\ConsoleApplication2\AnimationSettings.h">
      <Filter>Header Files</Filter>
    </ClInclude>
    <ClInclude Include="..\..\ConsoleApplication2\ConsoleApplication2\Barrel.h">
      <Filter>Header Files</Filter>
    </ClInclude>
    <ClInclude Include="..\..\ConsoleApplication2\ConsoleApplication2\Board.h">
      <Filter>Header Files</Filter>
    </ClInclude>
    <ClInclude Include="..\..\ConsoleApplication2\ConsoleApplication2\BoardObject.h">
      <Filter>Header Files</Filter>
    </ClInclude>
    <ClInclude Include="..\..\ConsoleApplication2\ConsoleApplication2\BoardSettings.h">
      <Filter>Header Files</Filter>
    </ClInclude>
    <ClInclude Include="..\..\ConsoleApplication2\ConsoleApplication2\Button.h">
      <Filter>Header Files</Filter>
    </ClInclude>
    <ClInclude Include="..\..\ConsoleApplication2\ConsoleApplication2\ButtonsSettings.h">
      <Filter>Header Files</Filter>
    </ClInclude>
    <ClInclude Include="..\..\ConsoleApplication2\ConsoleApplication2\Clock.h">
      <Filter>Header Files</Filter>
    </ClInclude>
    <ClInclude Include="..\..\ConsoleApplication2\ConsoleApplication2\ComputerPlayer.h">
      <Filter>Header Files</Filter>
    </ClInclude>
    <ClInclude Include="..\..\ConsoleApplication2\ConsoleApplication2\ContinueButton.h">
      <Filter>Header Files</Filter>
    </ClInclude>
    <ClInclude Include="..\..\ConsoleApplication2\ConsoleApplication2\Controller.h">
      <Filter>Header Files</Filter>
    </ClInclude>
    <ClInclude Include="..\..\ConsoleApplication2\ConsoleApplication2\ControllerSettings.h">
      <Filter>Header Files</Filter>
    </ClInclude>
    <ClInclude Include="..\..\ConsoleApplication2\ConsoleApplication2\DiamondRock.h">
      <Filter>Header Files</Filter>
    </ClInclude>
    <ClInclude Include="..\..\ConsoleApplication2\ConsoleApplication2\Dynamite.h">
      <Filter>Header Files</Filter>
    </ClInclude>
    <ClInclude Include="..\..\ConsoleApplication2\ConsoleApplication2\DynamiteIndicator.h">
      <Filter>Header Files</Filter>
    </ClInclude>
    <ClInclude Include="..\..\ConsoleApplication2\ConsoleApplication2\ExitButton.h">
      <Filter>Header Files</Filter>
    </ClInclude>
    <ClInclude Include="..\..\ConsoleApplication2\ConsoleApplication2\Factory.h">
      <Filter>Header Files</Filter>
    </ClInclude>
    <ClInclude Include="..\..\ConsoleApplication2\ConsoleApplication2\GameController.h">
      <Filter>Header Files</Filter>
    </ClInclude>
    <ClInclude Include="..\..\ConsoleApplication2\ConsoleApplication2\GameOverMenu.h">
      <Filter>Header Files</Filter>
    </ClInclude>
    <ClInclude Include="..\..\ConsoleApplication2\ConsoleApplication2\GoldenRock.h">
      <Filter>Header Files</Filter>
    </ClInclude>
    <ClInclude Include="..\..\ConsoleApplication2\ConsoleApplication2\HomeButton.h">
      <Filter>Header Files</Filter>
    </ClInclude>
    <ClInclude Include="..\..\ConsoleApplication2\ConsoleApplication2\HomeMenu.h">
      <Filter>Header Files</Filter>
    </ClInclude>
    <ClInclude Include="..\..\ConsoleApplication2\ConsoleApplication2\Hook.h">
      <Filter>Header Files</Filter>
    </ClInclude>
    <ClInclude Include="..\..\ConsoleApplication2\ConsoleApplication2\HookSettings.h">
      <Filter>Header Files</Filter>
    </ClInclude>
    <ClInclude Include="..\..\ConsoleApplication2\ConsoleApplication2\HumanPlayer.h">
      <Filter>Header Files</Filter>
    </ClInclude>
    <ClInclude Include="..\..\ConsoleApplication2\ConsoleApplication2\LevelController.h">
      <Filter>Header Files</Filter>
    </ClInclude>
    <ClInclude Include="..\..\ConsoleApplication2\ConsoleApplication2\LevelIndicator.h">
      <Filter>Header Files</Filter>
    </ClInclude>
    <ClInclude Include="..\..\ConsoleApplication2\ConsoleApplication2\Levels.h">
      <Filter>Header Files</Filter>
    </ClInclude>
    <ClInclude Include="..\..\ConsoleApplication2\ConsoleApplication2\LevelSettings.h">
      <Filter>Header Files</Filter>
    </ClInclude>
    <ClInclude Include="..\..\ConsoleApplication2\ConsoleApplication2\Menu.h">
      <Filter>Header Files</Filter>
    </ClInclude>
    <ClInclude Include="..\..\ConsoleApplication2\ConsoleApplication2\MultiPlayerBtn.h">
      <Filter>Header Files</Filter>
    </ClInclude>
    <ClInclude Include="..\..\ConsoleApplication2\ConsoleApplication2\MuteButton.h">
      <Filter>Header Files</Filter>
    </ClInclude>
    <ClInclude Include="..\..\ConsoleApplication2\ConsoleApplication2\Object.h">
      <Filter>Header Files</Filter>
    </ClInclude>
    <ClInclude Include="..\..\ConsoleApplication2\ConsoleApplication2\PauseButton.h">
      <Filter>Header Files</Filter>
    </ClInclude>
    <ClInclude Include="..\..\ConsoleApplication2\ConsoleApplication2\PauseMenu.h">
      <Filter>Header Files</Filter>
    </ClInclude>
    <ClInclude Include="..\..\ConsoleApplication2\ConsoleApplication2\Player.h">
      <Filter>Header Files</Filter>
    </ClInclude>
    <ClInclude Include="..\..\ConsoleApplication2\ConsoleApplication2\PlayerSettings.h">
      <Filter>Header Files</Filter>
    </ClInclude>
    <ClInclude Include="..\..\ConsoleApplication2\ConsoleApplication2\RegularRock.h">
      <Filter>Header Files</Filter>
    </ClInclude>
    <ClInclude Include="..\..\ConsoleApplication2\ConsoleApplication2\resource.h">
      <Filter>Header Files</Filter>
    </ClInclude>
    <ClInclude Include="..\..\ConsoleApplication2\ConsoleApplication2\ResumeButton.h">
      <Filter>Header Files</Filter>
    </ClInclude>
    <ClInclude Include="..\..\ConsoleApplication2\ConsoleApplication2\Rock.h">
      <Filter>Header Files</Filter>
    </ClInclude>
    <ClInclude Include="..\..\ConsoleApplication2\ConsoleApplication2\Score.h">
      <Filter>Header Files</Filter>
    </ClInclude>
    <ClInclude Include="..\..\ConsoleApplication2\ConsoleApplication2\SinglePlayerBtn.h">
      <Filter>Header Files</Filter>
    </ClInclude>
    <ClInclude Include="..\..\ConsoleApplication2\ConsoleApplication2\Sounds.h">
      <Filter>Header Files</Filter>
    </ClInclude>
    <ClInclude Include="..\..\ConsoleApplication2\ConsoleApplication2\SoundsSettings.h">
      <Filter>Header Files</Filter>
    </ClInclude>
    <ClInclude Include="..\..\ConsoleApplication2\ConsoleApplication2\SummaryMenu.h">
      <Filter>Header Files</Filter>
    </ClInclude>
    <ClInclude Include="..\..\ConsoleApplication2\ConsoleApplication2\SurpriseBag.h">
      <Filter>Header Files</Filter>
    </ClInclude>
    <ClInclude Include="..\..\ConsoleApplication2\ConsoleApplication2\Textures.h">
      <Filter>Header Files</Filter>
    </ClInclude>
    <ClInclude Include="..\..\ConsoleApplication2\ConsoleApplication2\TexturesSettings.h">
      <Filter>Header Files</Filter>
    </ClInclude>
    <ClInclude Include="..\..\ConsoleApplication2\ConsoleApplication2\ToolBar.h">
      <Filter>Header Files</Filter>
    </ClInclude>
    <ClInclude Include="..\..\ConsoleApplication2\ConsoleApplication2\VisualObject.h">
      <Filter>Header Files</Filter>
    </ClInclude>
    <ClInclude Include="..\..\ConsoleApplication2\ConsoleApplication2\VisualObjectSettings.h">
      <Filter>Header Files</Filter>
    </ClInclude>
  </ItemGroup>
</Project>